
Microsoft Visual Studio Solution File, Format Version 12.00
# Visual Studio Version 16
VisualStudioVersion = 16.0.31911.196
MinimumVisualStudioVersion = 10.0.40219.1
Project("{FAE04EC0-301F-11D3-BF4B-00C04F79EFBC}") = "RPScreenshotIssue", "RPScreenshotIssue\RPScreenshotIssue.csproj", "{3F65F2D6-049D-4BE2-B49E-F8CBC76D8092}"
EndProject
Global
	GlobalSection(SolutionConfigurationPlatforms) = preSolution
		Debug|Any CPU = Debug|Any CPU
		Release|Any CPU = Release|Any CPU
	EndGlobalSection
	GlobalSection(ProjectConfigurationPlatforms) = postSolution
		{3F65F2D6-049D-4BE2-B49E-F8CBC76D8092}.Debug|Any CPU.ActiveCfg = Debug|Any CPU
		{3F65F2D6-049D-4BE2-B49E-F8CBC76D8092}.Debug|Any CPU.Build.0 = Debug|Any CPU
		{3F65F2D6-049D-4BE2-B49E-F8CBC76D8092}.Release|Any CPU.ActiveCfg = Release|Any CPU
		{3F65F2D6-049D-4BE2-B49E-F8CBC76D8092}.Release|Any CPU.Build.0 = Release|Any CPU
	EndGlobalSection
	GlobalSection(SolutionProperties) = preSolution
		HideSolutionNode = FALSE
	EndGlobalSection
	GlobalSection(ExtensibilityGlobals) = postSolution
		SolutionGuid = {727758B4-45F4-41F6-8FFF-F93A7FC634CE}
	EndGlobalSection
EndGlobal
